PODS:
  - Charts (4.0.2):
    - Charts/Core (= 4.0.2)
  - Charts/Core (4.0.2):
    - SwiftAlgorithms (~> 1.0)
  - DSFloatingButton (1.0.1)
  - FSCalendar (2.8.4)
  - lottie-ios (3.3.0)
  - Pastel (0.6.0)
  - PKHUD (5.3.0)
  - Realm (10.25.2):
    - Realm/Headers (= 10.25.2)
  - Realm/Headers (10.25.2)
  - RealmSwift (10.25.2):
    - Realm (= 10.25.2)
  - SwiftAlgorithms (1.0.0)
  - VerticalCardSwiper (2.3.1)

DEPENDENCIES:
  - Charts
  - DSFloatingButton
  - FSCalendar
  - lottie-ios
  - Pastel
  - PKHUD
  - RealmSwift
  - VerticalCardSwiper

SPEC REPOS:
  trunk:
    - Charts
    - DSFloatingButton
    - FSCalendar
    - lottie-ios
    - Pastel
    - PKHUD
    - Realm
    - RealmSwift
    - SwiftAlgorithms
    - VerticalCardSwiper

SPEC CHECKSUMS:
  Charts: cfa4e911e6dc289582c2fe011a0e87c03d96727f
  DSFloatingButton: 2611b44e75736cd2f2686691ee4d2c16f2b62391
  FSCalendar: 2d1d0d9398f12d439f55c1fe0f01525b151b8260
  lottie-ios: 6ac74dcc09904798f59b18cb3075c089d76be9ae
  Pastel: 814f081efbe2859c37e65ee44f396e6e5be88619
  PKHUD: 98f3e4bc904b9c916f1c5bb6d765365b5357291b
  Realm: 978303663d0509166498f423d112e5ee97d4c91b
  RealmSwift: a0c30c1efc49e928a0a6f8fb141bb2629616d79b
  SwiftAlgorithms: 38dda4731d19027fdeee1125f973111bf3386b53
  VerticalCardSwiper: 68df635b354500f86934ea044ade37a264c044c6

PODFILE CHECKSUM: d1bbe10f590594bae31c9e215ea7263684650fe1

COCOAPODS: 1.11.3
