// !$*UTF8*$!
{
	archiveVersion = 1;
	classes = {
	};
	objectVersion = 55;
	objects = {

/* Begin PBXBuildFile section */
		7468F9A9C611488EF671A986 /* Pods_SwipeToDoApp.framework in Frameworks */ = {isa = PBXBuildFile; fileRef = 7A74EDF1225C719C56A96B83 /* Pods_SwipeToDoApp.framework */; };
		87802034281BB328006228A9 /* SettingTableViewController.swift in Sources */ = {isa = PBXBuildFile; fileRef = 87802033281BB328006228A9 /* SettingTableViewController.swift */; };
		87802036281BBF26006228A9 /* SettingFeedbackViewController.swift in Sources */ = {isa = PBXBuildFile; fileRef = 87802035281BBF26006228A9 /* SettingFeedbackViewController.swift */; };
		87DC2375281BC69200E473F7 /* SettingMethodOfOperationViewController.swift in Sources */ = {isa = PBXBuildFile; fileRef = 87DC2374281BC69200E473F7 /* SettingMethodOfOperationViewController.swift */; };
		87E259E8281D4B99006D431F /* Lottie01ViewController.swift in Sources */ = {isa = PBXBuildFile; fileRef = 87E259E7281D4B99006D431F /* Lottie01ViewController.swift */; };
		87E259EA281D4BA8006D431F /* Lottie02ViewController.swift in Sources */ = {isa = PBXBuildFile; fileRef = 87E259E9281D4BA8006D431F /* Lottie02ViewController.swift */; };
		87E259EC281D4BBD006D431F /* Lottie03ViewController.swift in Sources */ = {isa = PBXBuildFile; fileRef = 87E259EB281D4BBD006D431F /* Lottie03ViewController.swift */; };
		87E259EE281D4BCA006D431F /* Lottie04ViewController.swift in Sources */ = {isa = PBXBuildFile; fileRef = 87E259ED281D4BCA006D431F /* Lottie04ViewController.swift */; };
		95979D0928127A4400E1457E /* CategoryListViewController.swift in Sources */ = {isa = PBXBuildFile; fileRef = 95979D0828127A4400E1457E /* CategoryListViewController.swift */; };
		95979D0C28127C0E00E1457E /* CategoryTableViewCell.swift in Sources */ = {isa = PBXBuildFile; fileRef = 95979D0A28127C0E00E1457E /* CategoryTableViewCell.swift */; };
		95979D0D28127C0E00E1457E /* CategoryTableViewCell.xib in Resources */ = {isa = PBXBuildFile; fileRef = 95979D0B28127C0E00E1457E /* CategoryTableViewCell.xib */; };
		95979D0F281280ED00E1457E /* AddCategoryViewController.swift in Sources */ = {isa = PBXBuildFile; fileRef = 95979D0E281280ED00E1457E /* AddCategoryViewController.swift */; };
		95979D122812857F00E1457E /* TemplateCategoryCollectionViewCell.swift in Sources */ = {isa = PBXBuildFile; fileRef = 95979D102812857F00E1457E /* TemplateCategoryCollectionViewCell.swift */; };
		95979D132812857F00E1457E /* TemplateCategoryCollectionViewCell.xib in Resources */ = {isa = PBXBuildFile; fileRef = 95979D112812857F00E1457E /* TemplateCategoryCollectionViewCell.xib */; };
		95979D15281287F000E1457E /* CheckPermission.swift in Sources */ = {isa = PBXBuildFile; fileRef = 95979D14281287F000E1457E /* CheckPermission.swift */; };
		95A29BB3281121CA0025C9A1 /* CardViewCell.swift in Sources */ = {isa = PBXBuildFile; fileRef = 95A29BB1281121CA0025C9A1 /* CardViewCell.swift */; };
		95A29BB4281121CA0025C9A1 /* CardViewCell.xib in Resources */ = {isa = PBXBuildFile; fileRef = 95A29BB2281121CA0025C9A1 /* CardViewCell.xib */; };
		95A29BB6281123CC0025C9A1 /* SwipeCardViewController.swift in Sources */ = {isa = PBXBuildFile; fileRef = 95A29BB5281123CC0025C9A1 /* SwipeCardViewController.swift */; };
		95A4990728157A0700B84AC9 /* DataUtils.swift in Sources */ = {isa = PBXBuildFile; fileRef = 95A4990628157A0700B84AC9 /* DataUtils.swift */; };
		95A499092815FD8B00B84AC9 /* DateExtension.swift in Sources */ = {isa = PBXBuildFile; fileRef = 95A499082815FD8B00B84AC9 /* DateExtension.swift */; };
		95A4990B2816314D00B84AC9 /* MotivationViewController.swift in Sources */ = {isa = PBXBuildFile; fileRef = 95A4990A2816314D00B84AC9 /* MotivationViewController.swift */; };
		95D6EBBC280F976B00960B82 /* AppDelegate.swift in Sources */ = {isa = PBXBuildFile; fileRef = 95D6EBBB280F976B00960B82 /* AppDelegate.swift */; };
		95D6EBBE280F976B00960B82 /* SceneDelegate.swift in Sources */ = {isa = PBXBuildFile; fileRef = 95D6EBBD280F976B00960B82 /* SceneDelegate.swift */; };
		95D6EBC0280F976B00960B82 /* CalendarToDoViewController.swift in Sources */ = {isa = PBXBuildFile; fileRef = 95D6EBBF280F976B00960B82 /* CalendarToDoViewController.swift */; };
		95D6EBC3280F976B00960B82 /* Main.storyboard in Resources */ = {isa = PBXBuildFile; fileRef = 95D6EBC1280F976B00960B82 /* Main.storyboard */; };
		95D6EBC5280F976C00960B82 /* Assets.xcassets in Resources */ = {isa = PBXBuildFile; fileRef = 95D6EBC4280F976C00960B82 /* Assets.xcassets */; };
		95D6EBC8280F976C00960B82 /* LaunchScreen.storyboard in Resources */ = {isa = PBXBuildFile; fileRef = 95D6EBC6280F976C00960B82 /* LaunchScreen.storyboard */; };
		95D6EBD0280FA91000960B82 /* Task.swift in Sources */ = {isa = PBXBuildFile; fileRef = 95D6EBCF280FA91000960B82 /* Task.swift */; };
		95D6EBF5280FF19500960B82 /* addedToDoTableViewCell.swift in Sources */ = {isa = PBXBuildFile; fileRef = 95D6EBF3280FF19500960B82 /* addedToDoTableViewCell.swift */; };
		95D6EBF6280FF19500960B82 /* addedToDoTableViewCell.xib in Resources */ = {isa = PBXBuildFile; fileRef = 95D6EBF4280FF19500960B82 /* addedToDoTableViewCell.xib */; };
		95D6EBF8280FF50A00960B82 /* InputCategoryViewController.swift in Sources */ = {isa = PBXBuildFile; fileRef = 95D6EBF7280FF50A00960B82 /* InputCategoryViewController.swift */; };
		95D6EBFA2810EAE700960B82 /* CategoryList.swift in Sources */ = {isa = PBXBuildFile; fileRef = 95D6EBF92810EAE700960B82 /* CategoryList.swift */; };
/* End PBXBuildFile section */

/* Begin PBXFileReference section */
		038BF23017AD2660309CB535 /* Pods-SwipeToDoApp.debug.xcconfig */ = {isa = PBXFileReference; includeInIndex = 1; lastKnownFileType = text.xcconfig; name = "Pods-SwipeToDoApp.debug.xcconfig"; path = "Target Support Files/Pods-SwipeToDoApp/Pods-SwipeToDoApp.debug.xcconfig"; sourceTree = "<group>"; };
		7A74EDF1225C719C56A96B83 /* Pods_SwipeToDoApp.framework */ = {isa = PBXFileReference; explicitFileType = wrapper.framework; includeInIndex = 0; path = Pods_SwipeToDoApp.framework; sourceTree = BUILT_PRODUCTS_DIR; };
		87802033281BB328006228A9 /* SettingTableViewController.swift */ = {isa = PBXFileReference; lastKnownFileType = sourcecode.swift; path = SettingTableViewController.swift; sourceTree = "<group>"; };
		87802035281BBF26006228A9 /* SettingFeedbackViewController.swift */ = {isa = PBXFileReference; lastKnownFileType = sourcecode.swift; path = SettingFeedbackViewController.swift; sourceTree = "<group>"; };
		87DC2374281BC69200E473F7 /* SettingMethodOfOperationViewController.swift */ = {isa = PBXFileReference; lastKnownFileType = sourcecode.swift; path = SettingMethodOfOperationViewController.swift; sourceTree = "<group>"; };
		87E259E7281D4B99006D431F /* Lottie01ViewController.swift */ = {isa = PBXFileReference; lastKnownFileType = sourcecode.swift; path = Lottie01ViewController.swift; sourceTree = "<group>"; };
		87E259E9281D4BA8006D431F /* Lottie02ViewController.swift */ = {isa = PBXFileReference; lastKnownFileType = sourcecode.swift; path = Lottie02ViewController.swift; sourceTree = "<group>"; };
		87E259EB281D4BBD006D431F /* Lottie03ViewController.swift */ = {isa = PBXFileReference; lastKnownFileType = sourcecode.swift; path = Lottie03ViewController.swift; sourceTree = "<group>"; };
		87E259ED281D4BCA006D431F /* Lottie04ViewController.swift */ = {isa = PBXFileReference; lastKnownFileType = sourcecode.swift; path = Lottie04ViewController.swift; sourceTree = "<group>"; };
		95979D0828127A4400E1457E /* CategoryListViewController.swift */ = {isa = PBXFileReference; lastKnownFileType = sourcecode.swift; path = CategoryListViewController.swift; sourceTree = "<group>"; };
		95979D0A28127C0E00E1457E /* CategoryTableViewCell.swift */ = {isa = PBXFileReference; lastKnownFileType = sourcecode.swift; path = CategoryTableViewCell.swift; sourceTree = "<group>"; };
		95979D0B28127C0E00E1457E /* CategoryTableViewCell.xib */ = {isa = PBXFileReference; lastKnownFileType = file.xib; path = CategoryTableViewCell.xib; sourceTree = "<group>"; };
		95979D0E281280ED00E1457E /* AddCategoryViewController.swift */ = {isa = PBXFileReference; lastKnownFileType = sourcecode.swift; path = AddCategoryViewController.swift; sourceTree = "<group>"; };
		95979D102812857F00E1457E /* TemplateCategoryCollectionViewCell.swift */ = {isa = PBXFileReference; lastKnownFileType = sourcecode.swift; path = TemplateCategoryCollectionViewCell.swift; sourceTree = "<group>"; };
		95979D112812857F00E1457E /* TemplateCategoryCollectionViewCell.xib */ = {isa = PBXFileReference; lastKnownFileType = file.xib; path = TemplateCategoryCollectionViewCell.xib; sourceTree = "<group>"; };
		95979D14281287F000E1457E /* CheckPermission.swift */ = {isa = PBXFileReference; lastKnownFileType = sourcecode.swift; path = CheckPermission.swift; sourceTree = "<group>"; };
		95A29BB1281121CA0025C9A1 /* CardViewCell.swift */ = {isa = PBXFileReference; lastKnownFileType = sourcecode.swift; path = CardViewCell.swift; sourceTree = "<group>"; };
		95A29BB2281121CA0025C9A1 /* CardViewCell.xib */ = {isa = PBXFileReference; lastKnownFileType = file.xib; path = CardViewCell.xib; sourceTree = "<group>"; };
		95A29BB5281123CC0025C9A1 /* SwipeCardViewController.swift */ = {isa = PBXFileReference; lastKnownFileType = sourcecode.swift; path = SwipeCardViewController.swift; sourceTree = "<group>"; };
		95A4990628157A0700B84AC9 /* DataUtils.swift */ = {isa = PBXFileReference; lastKnownFileType = sourcecode.swift; path = DataUtils.swift; sourceTree = "<group>"; };
		95A499082815FD8B00B84AC9 /* DateExtension.swift */ = {isa = PBXFileReference; lastKnownFileType = sourcecode.swift; path = DateExtension.swift; sourceTree = "<group>"; };
		95A4990A2816314D00B84AC9 /* MotivationViewController.swift */ = {isa = PBXFileReference; lastKnownFileType = sourcecode.swift; path = MotivationViewController.swift; sourceTree = "<group>"; };
		95D6EBB8280F976B00960B82 /* SwipeToDoApp.app */ = {isa = PBXFileReference; explicitFileType = wrapper.application; includeInIndex = 0; path = SwipeToDoApp.app; sourceTree = BUILT_PRODUCTS_DIR; };
		95D6EBBB280F976B00960B82 /* AppDelegate.swift */ = {isa = PBXFileReference; lastKnownFileType = sourcecode.swift; path = AppDelegate.swift; sourceTree = "<group>"; };
		95D6EBBD280F976B00960B82 /* SceneDelegate.swift */ = {isa = PBXFileReference; lastKnownFileType = sourcecode.swift; path = SceneDelegate.swift; sourceTree = "<group>"; };
		95D6EBBF280F976B00960B82 /* CalendarToDoViewController.swift */ = {isa = PBXFileReference; lastKnownFileType = sourcecode.swift; path = CalendarToDoViewController.swift; sourceTree = "<group>"; };
		95D6EBC2280F976B00960B82 /* Base */ = {isa = PBXFileReference; lastKnownFileType = file.storyboard; name = Base; path = Base.lproj/Main.storyboard; sourceTree = "<group>"; };
		95D6EBC4280F976C00960B82 /* Assets.xcassets */ = {isa = PBXFileReference; lastKnownFileType = folder.assetcatalog; path = Assets.xcassets; sourceTree = "<group>"; };
		95D6EBC7280F976C00960B82 /* Base */ = {isa = PBXFileReference; lastKnownFileType = file.storyboard; name = Base; path = Base.lproj/LaunchScreen.storyboard; sourceTree = "<group>"; };
		95D6EBC9280F976C00960B82 /* Info.plist */ = {isa = PBXFileReference; lastKnownFileType = text.plist.xml; path = Info.plist; sourceTree = "<group>"; };
		95D6EBCF280FA91000960B82 /* Task.swift */ = {isa = PBXFileReference; lastKnownFileType = sourcecode.swift; path = Task.swift; sourceTree = "<group>"; };
		95D6EBF3280FF19500960B82 /* addedToDoTableViewCell.swift */ = {isa = PBXFileReference; lastKnownFileType = sourcecode.swift; path = addedToDoTableViewCell.swift; sourceTree = "<group>"; };
		95D6EBF4280FF19500960B82 /* addedToDoTableViewCell.xib */ = {isa = PBXFileReference; lastKnownFileType = file.xib; path = addedToDoTableViewCell.xib; sourceTree = "<group>"; };
		95D6EBF7280FF50A00960B82 /* InputCategoryViewController.swift */ = {isa = PBXFileReference; lastKnownFileType = sourcecode.swift; path = InputCategoryViewController.swift; sourceTree = "<group>"; };
		95D6EBF92810EAE700960B82 /* CategoryList.swift */ = {isa = PBXFileReference; lastKnownFileType = sourcecode.swift; path = CategoryList.swift; sourceTree = "<group>"; };
		A1E1B9EA56197EC8A09A4A01 /* Pods-SwipeToDoApp.release.xcconfig */ = {isa = PBXFileReference; includeInIndex = 1; lastKnownFileType = text.xcconfig; name = "Pods-SwipeToDoApp.release.xcconfig"; path = "Target Support Files/Pods-SwipeToDoApp/Pods-SwipeToDoApp.release.xcconfig"; sourceTree = "<group>"; };
/* End PBXFileReference section */

/* Begin PBXFrameworksBuildPhase section */
		95D6EBB5280F976B00960B82 /* Frameworks */ = {
			isa = PBXFrameworksBuildPhase;
			buildActionMask = 2147483647;
			files = (
				7468F9A9C611488EF671A986 /* Pods_SwipeToDoApp.framework in Frameworks */,
			);
			runOnlyForDeploymentPostprocessing = 0;
		};
/* End PBXFrameworksBuildPhase section */

/* Begin PBXGroup section */
		04333A2A41DDC922D2754647 /* Pods */ = {
			isa = PBXGroup;
			children = (
				038BF23017AD2660309CB535 /* Pods-SwipeToDoApp.debug.xcconfig */,
				A1E1B9EA56197EC8A09A4A01 /* Pods-SwipeToDoApp.release.xcconfig */,
			);
			path = Pods;
			sourceTree = "<group>";
		};
		95A29BAE281121580025C9A1 /* Controller */ = {
			isa = PBXGroup;
			children = (
				95D6EBBB280F976B00960B82 /* AppDelegate.swift */,
				95D6EBBD280F976B00960B82 /* SceneDelegate.swift */,
				95D6EBBF280F976B00960B82 /* CalendarToDoViewController.swift */,
				95D6EBF7280FF50A00960B82 /* InputCategoryViewController.swift */,
				95A29BB5281123CC0025C9A1 /* SwipeCardViewController.swift */,
				95979D0828127A4400E1457E /* CategoryListViewController.swift */,
				95979D0E281280ED00E1457E /* AddCategoryViewController.swift */,
				95A4990A2816314D00B84AC9 /* MotivationViewController.swift */,
				87802033281BB328006228A9 /* SettingTableViewController.swift */,
				87802035281BBF26006228A9 /* SettingFeedbackViewController.swift */,
				87DC2374281BC69200E473F7 /* SettingMethodOfOperationViewController.swift */,
				87E259E7281D4B99006D431F /* Lottie01ViewController.swift */,
				87E259E9281D4BA8006D431F /* Lottie02ViewController.swift */,
				87E259EB281D4BBD006D431F /* Lottie03ViewController.swift */,
				87E259ED281D4BCA006D431F /* Lottie04ViewController.swift */,
			);
			path = Controller;
			sourceTree = "<group>";
		};
		95A29BAF281121620025C9A1 /* View */ = {
			isa = PBXGroup;
			children = (
				95D6EBC1280F976B00960B82 /* Main.storyboard */,
				95D6EBC4280F976C00960B82 /* Assets.xcassets */,
				95D6EBC6280F976C00960B82 /* LaunchScreen.storyboard */,
				95D6EBF3280FF19500960B82 /* addedToDoTableViewCell.swift */,
				95D6EBF4280FF19500960B82 /* addedToDoTableViewCell.xib */,
				95A29BB1281121CA0025C9A1 /* CardViewCell.swift */,
				95A29BB2281121CA0025C9A1 /* CardViewCell.xib */,
				95979D0A28127C0E00E1457E /* CategoryTableViewCell.swift */,
				95979D0B28127C0E00E1457E /* CategoryTableViewCell.xib */,
				95979D102812857F00E1457E /* TemplateCategoryCollectionViewCell.swift */,
				95979D112812857F00E1457E /* TemplateCategoryCollectionViewCell.xib */,
			);
			path = View;
			sourceTree = "<group>";
		};
		95A29BB0281121680025C9A1 /* Model */ = {
			isa = PBXGroup;
			children = (
				95D6EBCF280FA91000960B82 /* Task.swift */,
				95D6EBF92810EAE700960B82 /* CategoryList.swift */,
				95979D14281287F000E1457E /* CheckPermission.swift */,
				95A4990628157A0700B84AC9 /* DataUtils.swift */,
				95A499082815FD8B00B84AC9 /* DateExtension.swift */,
			);
			path = Model;
			sourceTree = "<group>";
		};
		95D6EBAF280F976B00960B82 = {
			isa = PBXGroup;
			children = (
				95D6EBBA280F976B00960B82 /* SwipeToDoApp */,
				95D6EBB9280F976B00960B82 /* Products */,
				04333A2A41DDC922D2754647 /* Pods */,
				FA26E796E90BE765239996DF /* Frameworks */,
			);
			sourceTree = "<group>";
		};
		95D6EBB9280F976B00960B82 /* Products */ = {
			isa = PBXGroup;
			children = (
				95D6EBB8280F976B00960B82 /* SwipeToDoApp.app */,
			);
			name = Products;
			sourceTree = "<group>";
		};
		95D6EBBA280F976B00960B82 /* SwipeToDoApp */ = {
			isa = PBXGroup;
			children = (
				95A29BB0281121680025C9A1 /* Model */,
				95A29BAF281121620025C9A1 /* View */,
				95A29BAE281121580025C9A1 /* Controller */,
				95D6EBC9280F976C00960B82 /* Info.plist */,
			);
			path = SwipeToDoApp;
			sourceTree = "<group>";
		};
		FA26E796E90BE765239996DF /* Frameworks */ = {
			isa = PBXGroup;
			children = (
				7A74EDF1225C719C56A96B83 /* Pods_SwipeToDoApp.framework */,
			);
			name = Frameworks;
			sourceTree = "<group>";
		};
/* End PBXGroup section */

/* Begin PBXNativeTarget section */
		95D6EBB7280F976B00960B82 /* SwipeToDoApp */ = {
			isa = PBXNativeTarget;
			buildConfigurationList = 95D6EBCC280F976C00960B82 /* Build configuration list for PBXNativeTarget "SwipeToDoApp" */;
			buildPhases = (
				FDDECCB4C196A3912A1427E2 /* [CP] Check Pods Manifest.lock */,
				95D6EBB4280F976B00960B82 /* Sources */,
				95D6EBB5280F976B00960B82 /* Frameworks */,
				95D6EBB6280F976B00960B82 /* Resources */,
				03EB5E41CC7D51726F307FF0 /* [CP] Embed Pods Frameworks */,
			);
			buildRules = (
			);
			dependencies = (
			);
			name = SwipeToDoApp;
			productName = SwipeToDoApp;
			productReference = 95D6EBB8280F976B00960B82 /* SwipeToDoApp.app */;
			productType = "com.apple.product-type.application";
		};
/* End PBXNativeTarget section */

/* Begin PBXProject section */
		95D6EBB0280F976B00960B82 /* Project object */ = {
			isa = PBXProject;
			attributes = {
				BuildIndependentTargetsInParallel = 1;
				LastSwiftUpdateCheck = 1330;
				LastUpgradeCheck = 1330;
				TargetAttributes = {
					95D6EBB7280F976B00960B82 = {
						CreatedOnToolsVersion = 13.3.1;
					};
				};
			};
			buildConfigurationList = 95D6EBB3280F976B00960B82 /* Build configuration list for PBXProject "SwipeToDoApp" */;
			compatibilityVersion = "Xcode 13.0";
			developmentRegion = en;
			hasScannedForEncodings = 0;
			knownRegions = (
				en,
				Base,
			);
			mainGroup = 95D6EBAF280F976B00960B82;
			productRefGroup = 95D6EBB9280F976B00960B82 /* Products */;
			projectDirPath = "";
			projectRoot = "";
			targets = (
				95D6EBB7280F976B00960B82 /* SwipeToDoApp */,
			);
		};
/* End PBXProject section */

/* Begin PBXResourcesBuildPhase section */
		95D6EBB6280F976B00960B82 /* Resources */ = {
			isa = PBXResourcesBuildPhase;
			buildActionMask = 2147483647;
			files = (
				95D6EBC8280F976C00960B82 /* LaunchScreen.storyboard in Resources */,
				95979D132812857F00E1457E /* TemplateCategoryCollectionViewCell.xib in Resources */,
				95D6EBC5280F976C00960B82 /* Assets.xcassets in Resources */,
				95D6EBF6280FF19500960B82 /* addedToDoTableViewCell.xib in Resources */,
				95979D0D28127C0E00E1457E /* CategoryTableViewCell.xib in Resources */,
				95D6EBC3280F976B00960B82 /* Main.storyboard in Resources */,
				95A29BB4281121CA0025C9A1 /* CardViewCell.xib in Resources */,
			);
			runOnlyForDeploymentPostprocessing = 0;
		};
/* End PBXResourcesBuildPhase section */

/* Begin PBXShellScriptBuildPhase section */
		03EB5E41CC7D51726F307FF0 /* [CP] Embed Pods Frameworks */ = {
			isa = PBXShellScriptBuildPhase;
			buildActionMask = 2147483647;
			files = (
			);
			inputFileListPaths = (
				"${PODS_ROOT}/Target Support Files/Pods-SwipeToDoApp/Pods-SwipeToDoApp-frameworks-${CONFIGURATION}-input-files.xcfilelist",
			);
			name = "[CP] Embed Pods Frameworks";
			outputFileListPaths = (
				"${PODS_ROOT}/Target Support Files/Pods-SwipeToDoApp/Pods-SwipeToDoApp-frameworks-${CONFIGURATION}-output-files.xcfilelist",
			);
			runOnlyForDeploymentPostprocessing = 0;
			shellPath = /bin/sh;
			shellScript = "\"${PODS_ROOT}/Target Support Files/Pods-SwipeToDoApp/Pods-SwipeToDoApp-frameworks.sh\"\n";
			showEnvVarsInLog = 0;
		};
		FDDECCB4C196A3912A1427E2 /* [CP] Check Pods Manifest.lock */ = {
			isa = PBXShellScriptBuildPhase;
			buildActionMask = 2147483647;
			files = (
			);
			inputFileListPaths = (
			);
			inputPaths = (
				"${PODS_PODFILE_DIR_PATH}/Podfile.lock",
				"${PODS_ROOT}/Manifest.lock",
			);
			name = "[CP] Check Pods Manifest.lock";
			outputFileListPaths = (
			);
			outputPaths = (
				"$(DERIVED_FILE_DIR)/Pods-SwipeToDoApp-checkManifestLockResult.txt",
			);
			runOnlyForDeploymentPostprocessing = 0;
			shellPath = /bin/sh;
			shellScript = "diff \"${PODS_PODFILE_DIR_PATH}/Podfile.lock\" \"${PODS_ROOT}/Manifest.lock\" > /dev/null\nif [ $? != 0 ] ; then\n    # print error to STDERR\n    echo \"error: The sandbox is not in sync with the Podfile.lock. Run 'pod install' or update your CocoaPods installation.\" >&2\n    exit 1\nfi\n# This output is used by Xcode 'outputs' to avoid re-running this script phase.\necho \"SUCCESS\" > \"${SCRIPT_OUTPUT_FILE_0}\"\n";
			showEnvVarsInLog = 0;
		};
/* End PBXShellScriptBuildPhase section */

/* Begin PBXSourcesBuildPhase section */
		95D6EBB4280F976B00960B82 /* Sources */ = {
			isa = PBXSourcesBuildPhase;
			buildActionMask = 2147483647;
			files = (
				95A4990B2816314D00B84AC9 /* MotivationViewController.swift in Sources */,
				95A29BB6281123CC0025C9A1 /* SwipeCardViewController.swift in Sources */,
				95D6EBF8280FF50A00960B82 /* InputCategoryViewController.swift in Sources */,
				95D6EBFA2810EAE700960B82 /* CategoryList.swift in Sources */,
				95A29BB3281121CA0025C9A1 /* CardViewCell.swift in Sources */,
				87E259EC281D4BBD006D431F /* Lottie03ViewController.swift in Sources */,
				95979D15281287F000E1457E /* CheckPermission.swift in Sources */,
				87802034281BB328006228A9 /* SettingTableViewController.swift in Sources */,
				95A499092815FD8B00B84AC9 /* DateExtension.swift in Sources */,
				87802036281BBF26006228A9 /* SettingFeedbackViewController.swift in Sources */,
				95D6EBF5280FF19500960B82 /* addedToDoTableViewCell.swift in Sources */,
				95979D0F281280ED00E1457E /* AddCategoryViewController.swift in Sources */,
				95A4990728157A0700B84AC9 /* DataUtils.swift in Sources */,
				95D6EBD0280FA91000960B82 /* Task.swift in Sources */,
				87E259EA281D4BA8006D431F /* Lottie02ViewController.swift in Sources */,
				95D6EBC0280F976B00960B82 /* CalendarToDoViewController.swift in Sources */,
				95D6EBBC280F976B00960B82 /* AppDelegate.swift in Sources */,
				87DC2375281BC69200E473F7 /* SettingMethodOfOperationViewController.swift in Sources */,
				95979D0928127A4400E1457E /* CategoryListViewController.swift in Sources */,
				87E259EE281D4BCA006D431F /* Lottie04ViewController.swift in Sources */,
				95D6EBBE280F976B00960B82 /* SceneDelegate.swift in Sources */,
				95979D122812857F00E1457E /* TemplateCategoryCollectionViewCell.swift in Sources */,
				95979D0C28127C0E00E1457E /* CategoryTableViewCell.swift in Sources */,
				87E259E8281D4B99006D431F /* Lottie01ViewController.swift in Sources */,
			);
			runOnlyForDeploymentPostprocessing = 0;
		};
/* End PBXSourcesBuildPhase section */

/* Begin PBXVariantGroup section */
		95D6EBC1280F976B00960B82 /* Main.storyboard */ = {
			isa = PBXVariantGroup;
			children = (
				95D6EBC2280F976B00960B82 /* Base */,
			);
			name = Main.storyboard;
			sourceTree = "<group>";
		};
		95D6EBC6280F976C00960B82 /* LaunchScreen.storyboard */ = {
			isa = PBXVariantGroup;
			children = (
				95D6EBC7280F976C00960B82 /* Base */,
			);
			name = LaunchScreen.storyboard;
			sourceTree = "<group>";
		};
/* End PBXVariantGroup section */

/* Begin XCBuildConfiguration section */
		95D6EBCA280F976C00960B82 /* Debug */ = {
			isa = XCBuildConfiguration;
			buildSettings = {
				ALWAYS_SEARCH_USER_PATHS = NO;
				CLANG_ANALYZER_NONNULL = YES;
				CLANG_ANALYZER_NUMBER_OBJECT_CONVERSION = YES_AGGRESSIVE;
				CLANG_CXX_LANGUAGE_STANDARD = "gnu++17";
				CLANG_ENABLE_MODULES = YES;
				CLANG_ENABLE_OBJC_ARC = YES;
				CLANG_ENABLE_OBJC_WEAK = YES;
				CLANG_WARN_BLOCK_CAPTURE_AUTORELEASING = YES;
				CLANG_WARN_BOOL_CONVERSION = YES;
				CLANG_WARN_COMMA = YES;
				CLANG_WARN_CONSTANT_CONVERSION = YES;
				CLANG_WARN_DEPRECATED_OBJC_IMPLEMENTATIONS = YES;
				CLANG_WARN_DIRECT_OBJC_ISA_USAGE = YES_ERROR;
				CLANG_WARN_DOCUMENTATION_COMMENTS = YES;
				CLANG_WARN_EMPTY_BODY = YES;
				CLANG_WARN_ENUM_CONVERSION = YES;
				CLANG_WARN_INFINITE_RECURSION = YES;
				CLANG_WARN_INT_CONVERSION = YES;
				CLANG_WARN_NON_LITERAL_NULL_CONVERSION = YES;
				CLANG_WARN_OBJC_IMPLICIT_RETAIN_SELF = YES;
				CLANG_WARN_OBJC_LITERAL_CONVERSION = YES;
				CLANG_WARN_OBJC_ROOT_CLASS = YES_ERROR;
				CLANG_WARN_QUOTED_INCLUDE_IN_FRAMEWORK_HEADER = YES;
				CLANG_WARN_RANGE_LOOP_ANALYSIS = YES;
				CLANG_WARN_STRICT_PROTOTYPES = YES;
				CLANG_WARN_SUSPICIOUS_MOVE = YES;
				CLANG_WARN_UNGUARDED_AVAILABILITY = YES_AGGRESSIVE;
				CLANG_WARN_UNREACHABLE_CODE = YES;
				CLANG_WARN__DUPLICATE_METHOD_MATCH = YES;
				COPY_PHASE_STRIP = NO;
				DEBUG_INFORMATION_FORMAT = dwarf;
				ENABLE_STRICT_OBJC_MSGSEND = YES;
				ENABLE_TESTABILITY = YES;
				GCC_C_LANGUAGE_STANDARD = gnu11;
				GCC_DYNAMIC_NO_PIC = NO;
				GCC_NO_COMMON_BLOCKS = YES;
				GCC_OPTIMIZATION_LEVEL = 0;
				GCC_PREPROCESSOR_DEFINITIONS = (
					"DEBUG=1",
					"$(inherited)",
				);
				GCC_WARN_64_TO_32_BIT_CONVERSION = YES;
				GCC_WARN_ABOUT_RETURN_TYPE = YES_ERROR;
				GCC_WARN_UNDECLARED_SELECTOR = YES;
				GCC_WARN_UNINITIALIZED_AUTOS = YES_AGGRESSIVE;
				GCC_WARN_UNUSED_FUNCTION = YES;
				GCC_WARN_UNUSED_VARIABLE = YES;
				IPHONEOS_DEPLOYMENT_TARGET = 15.4;
				MTL_ENABLE_DEBUG_INFO = INCLUDE_SOURCE;
				MTL_FAST_MATH = YES;
				ONLY_ACTIVE_ARCH = YES;
				SDKROOT = iphoneos;
				SWIFT_ACTIVE_COMPILATION_CONDITIONS = DEBUG;
				SWIFT_OPTIMIZATION_LEVEL = "-Onone";
			};
			name = Debug;
		};
		95D6EBCB280F976C00960B82 /* Release */ = {
			isa = XCBuildConfiguration;
			buildSettings = {
				ALWAYS_SEARCH_USER_PATHS = NO;
				CLANG_ANALYZER_NONNULL = YES;
				CLANG_ANALYZER_NUMBER_OBJECT_CONVERSION = YES_AGGRESSIVE;
				CLANG_CXX_LANGUAGE_STANDARD = "gnu++17";
				CLANG_ENABLE_MODULES = YES;
				CLANG_ENABLE_OBJC_ARC = YES;
				CLANG_ENABLE_OBJC_WEAK = YES;
				CLANG_WARN_BLOCK_CAPTURE_AUTORELEASING = YES;
				CLANG_WARN_BOOL_CONVERSION = YES;
				CLANG_WARN_COMMA = YES;
				CLANG_WARN_CONSTANT_CONVERSION = YES;
				CLANG_WARN_DEPRECATED_OBJC_IMPLEMENTATIONS = YES;
				CLANG_WARN_DIRECT_OBJC_ISA_USAGE = YES_ERROR;
				CLANG_WARN_DOCUMENTATION_COMMENTS = YES;
				CLANG_WARN_EMPTY_BODY = YES;
				CLANG_WARN_ENUM_CONVERSION = YES;
				CLANG_WARN_INFINITE_RECURSION = YES;
				CLANG_WARN_INT_CONVERSION = YES;
				CLANG_WARN_NON_LITERAL_NULL_CONVERSION = YES;
				CLANG_WARN_OBJC_IMPLICIT_RETAIN_SELF = YES;
				CLANG_WARN_OBJC_LITERAL_CONVERSION = YES;
				CLANG_WARN_OBJC_ROOT_CLASS = YES_ERROR;
				CLANG_WARN_QUOTED_INCLUDE_IN_FRAMEWORK_HEADER = YES;
				CLANG_WARN_RANGE_LOOP_ANALYSIS = YES;
				CLANG_WARN_STRICT_PROTOTYPES = YES;
				CLANG_WARN_SUSPICIOUS_MOVE = YES;
				CLANG_WARN_UNGUARDED_AVAILABILITY = YES_AGGRESSIVE;
				CLANG_WARN_UNREACHABLE_CODE = YES;
				CLANG_WARN__DUPLICATE_METHOD_MATCH = YES;
				COPY_PHASE_STRIP = NO;
				DEBUG_INFORMATION_FORMAT = "dwarf-with-dsym";
				ENABLE_NS_ASSERTIONS = NO;
				ENABLE_STRICT_OBJC_MSGSEND = YES;
				GCC_C_LANGUAGE_STANDARD = gnu11;
				GCC_NO_COMMON_BLOCKS = YES;
				GCC_WARN_64_TO_32_BIT_CONVERSION = YES;
				GCC_WARN_ABOUT_RETURN_TYPE = YES_ERROR;
				GCC_WARN_UNDECLARED_SELECTOR = YES;
				GCC_WARN_UNINITIALIZED_AUTOS = YES_AGGRESSIVE;
				GCC_WARN_UNUSED_FUNCTION = YES;
				GCC_WARN_UNUSED_VARIABLE = YES;
				IPHONEOS_DEPLOYMENT_TARGET = 15.4;
				MTL_ENABLE_DEBUG_INFO = NO;
				MTL_FAST_MATH = YES;
				SDKROOT = iphoneos;
				SWIFT_COMPILATION_MODE = wholemodule;
				SWIFT_OPTIMIZATION_LEVEL = "-O";
				VALIDATE_PRODUCT = YES;
			};
			name = Release;
		};
		95D6EBCD280F976C00960B82 /* Debug */ = {
			isa = XCBuildConfiguration;
			baseConfigurationReference = 038BF23017AD2660309CB535 /* Pods-SwipeToDoApp.debug.xcconfig */;
			buildSettings = {
				ASSETCATALOG_COMPILER_APPICON_NAME = AppIcon;
				ASSETCATALOG_COMPILER_GLOBAL_ACCENT_COLOR_NAME = AccentColor;
				CODE_SIGN_STYLE = Automatic;
				CURRENT_PROJECT_VERSION = 1;
				DEVELOPMENT_TEAM = 7X9S244452;
				GENERATE_INFOPLIST_FILE = YES;
				INFOPLIST_FILE = SwipeToDoApp/Info.plist;
				INFOPLIST_KEY_UIApplicationSupportsIndirectInputEvents = YES;
				INFOPLIST_KEY_UILaunchStoryboardName = LaunchScreen;
				INFOPLIST_KEY_UIMainStoryboardFile = Main;
				INFOPLIST_KEY_UISupportedInterfaceOrientations_iPad = "UIInterfaceOrientationPortrait UIInterfaceOrientationPortraitUpsideDown UIInterfaceOrientationLandscapeLeft UIInterfaceOrientationLandscapeRight";
				INFOPLIST_KEY_UISupportedInterfaceOrientations_iPhone = "UIInterfaceOrientationPortrait UIInterfaceOrientationLandscapeLeft UIInterfaceOrientationLandscapeRight";
				LD_RUNPATH_SEARCH_PATHS = (
					"$(inherited)",
					"@executable_path/Frameworks",
				);
				MARKETING_VERSION = 1.0;
				PRODUCT_BUNDLE_IDENTIFIER = com.mkondo.SwipeToDoApp;
				PRODUCT_NAME = "$(TARGET_NAME)";
				SWIFT_EMIT_LOC_STRINGS = YES;
				SWIFT_VERSION = 5.0;
				TARGETED_DEVICE_FAMILY = "1,2";
			};
			name = Debug;
		};
		95D6EBCE280F976C00960B82 /* Release */ = {
			isa = XCBuildConfiguration;
			baseConfigurationReference = A1E1B9EA56197EC8A09A4A01 /* Pods-SwipeToDoApp.release.xcconfig */;
			buildSettings = {
				ASSETCATALOG_COMPILER_APPICON_NAME = AppIcon;
				ASSETCATALOG_COMPILER_GLOBAL_ACCENT_COLOR_NAME = AccentColor;
				CODE_SIGN_STYLE = Automatic;
				CURRENT_PROJECT_VERSION = 1;
				DEVELOPMENT_TEAM = 7X9S244452;
				GENERATE_INFOPLIST_FILE = YES;
				INFOPLIST_FILE = SwipeToDoApp/Info.plist;
				INFOPLIST_KEY_UIApplicationSupportsIndirectInputEvents = YES;
				INFOPLIST_KEY_UILaunchStoryboardName = LaunchScreen;
				INFOPLIST_KEY_UIMainStoryboardFile = Main;
				INFOPLIST_KEY_UISupportedInterfaceOrientations_iPad = "UIInterfaceOrientationPortrait UIInterfaceOrientationPortraitUpsideDown UIInterfaceOrientationLandscapeLeft UIInterfaceOrientationLandscapeRight";
				INFOPLIST_KEY_UISupportedInterfaceOrientations_iPhone = "UIInterfaceOrientationPortrait UIInterfaceOrientationLandscapeLeft UIInterfaceOrientationLandscapeRight";
				LD_RUNPATH_SEARCH_PATHS = (
					"$(inherited)",
					"@executable_path/Frameworks",
				);
				MARKETING_VERSION = 1.0;
				PRODUCT_BUNDLE_IDENTIFIER = com.mkondo.SwipeToDoApp;
				PRODUCT_NAME = "$(TARGET_NAME)";
				SWIFT_EMIT_LOC_STRINGS = YES;
				SWIFT_VERSION = 5.0;
				TARGETED_DEVICE_FAMILY = "1,2";
			};
			name = Release;
		};
/* End XCBuildConfiguration section */

/* Begin XCConfigurationList section */
		95D6EBB3280F976B00960B82 /* Build configuration list for PBXProject "SwipeToDoApp" */ = {
			isa = XCConfigurationList;
			buildConfigurations = (
				95D6EBCA280F976C00960B82 /* Debug */,
				95D6EBCB280F976C00960B82 /* Release */,
			);
			defaultConfigurationIsVisible = 0;
			defaultConfigurationName = Release;
		};
		95D6EBCC280F976C00960B82 /* Build configuration list for PBXNativeTarget "SwipeToDoApp" */ = {
			isa = XCConfigurationList;
			buildConfigurations = (
				95D6EBCD280F976C00960B82 /* Debug */,
				95D6EBCE280F976C00960B82 /* Release */,
			);
			defaultConfigurationIsVisible = 0;
			defaultConfigurationName = Release;
		};
/* End XCConfigurationList section */
	};
	rootObject = 95D6EBB0280F976B00960B82 /* Project object */;
}
